
Microsoft Visual Studio Solution File, Format Version 12.00
# Visual Studio Version 17
VisualStudioVersion = 17.3.32922.545
MinimumVisualStudioVersion = 10.0.40219.1
Project("{FAE04EC0-301F-11D3-BF4B-00C04F79EFBC}") = "SimpleFactory-Pizza", "SimpleFactory-Pizza\SimpleFactory-Pizza.csproj", "{381F58B7-9DA3-43A4-80D1-38F8EE4703E8}"
EndProject
Global
	GlobalSection(SolutionConfigurationPlatforms) = preSolution
		Debug|Any CPU = Debug|Any CPU
		Release|Any CPU = Release|Any CPU
	EndGlobalSection
	GlobalSection(ProjectConfigurationPlatforms) = postSolution
		{381F58B7-9DA3-43A4-80D1-38F8EE4703E8}.Debug|Any CPU.ActiveCfg = Debug|Any CPU
		{381F58B7-9DA3-43A4-80D1-38F8EE4703E8}.Debug|Any CPU.Build.0 = Debug|Any CPU
		{381F58B7-9DA3-43A4-80D1-38F8EE4703E8}.Release|Any CPU.ActiveCfg = Release|Any CPU
		{381F58B7-9DA3-43A4-80D1-38F8EE4703E8}.Release|Any CPU.Build.0 = Release|Any CPU
	EndGlobalSection
	GlobalSection(SolutionProperties) = preSolution
		HideSolutionNode = FALSE
	EndGlobalSection
	GlobalSection(ExtensibilityGlobals) = postSolution
		SolutionGuid = {B1CC0571-ADB6-4A38-B7AA-4759C8B9FF07}
	EndGlobalSection
EndGlobal
